
Microsoft Visual Studio Solution File, Format Version 12.00
# Visual Studio Version 16
VisualStudioVersion = 16.0.30907.101
MinimumVisualStudioVersion = 10.0.40219.1
Project("{FAE04EC0-301F-11D3-BF4B-00C04F79EFBC}") = "CurdDataFetch", "CurdDataFetch.csproj", "{77E4A145-9D8B-40CB-A1FD-EDD1265B0EBD}"
EndProject
Global
	GlobalSection(SolutionConfigurationPlatforms) = preSolution
		Debug|Any CPU = Debug|Any CPU
		Release|Any CPU = Release|Any CPU
	EndGlobalSection
	GlobalSection(ProjectConfigurationPlatforms) = postSolution
		{77E4A145-9D8B-40CB-A1FD-EDD1265B0EBD}.Debug|Any CPU.ActiveCfg = Debug|Any CPU
		{77E4A145-9D8B-40CB-A1FD-EDD1265B0EBD}.Debug|Any CPU.Build.0 = Debug|Any CPU
		{77E4A145-9D8B-40CB-A1FD-EDD1265B0EBD}.Release|Any CPU.ActiveCfg = Release|Any CPU
		{77E4A145-9D8B-40CB-A1FD-EDD1265B0EBD}.Release|Any CPU.Build.0 = Release|Any CPU
	EndGlobalSection
	GlobalSection(SolutionProperties) = preSolution
		HideSolutionNode = FALSE
	EndGlobalSection
	GlobalSection(ExtensibilityGlobals) = postSolution
		SolutionGuid = {7AAC2CE0-3C7B-408D-BE41-37A4A677C5A6}
	EndGlobalSection
EndGlobal
